
Microsoft Visual Studio Solution File, Format Version 12.00
# Visual Studio 2013
VisualStudioVersion = 12.0.31101.0
MinimumVisualStudioVersion = 10.0.40219.1
Project("{FAE04EC0-301F-11D3-BF4B-00C04F79EFBC}") = "Inspection_app", "Inspection_app\Inspection_app.csproj", "{B57B22D3-24A9-4C4D-AAC9-521E3A9ACF32}"
EndProject
Global
	GlobalSection(SolutionConfigurationPlatforms) = preSolution
		Debug|Any CPU = Debug|Any CPU
		Release|Any CPU = Release|Any CPU
	EndGlobalSection
	GlobalSection(ProjectConfigurationPlatforms) = postSolution
		{B57B22D3-24A9-4C4D-AAC9-521E3A9ACF32}.Debug|Any CPU.ActiveCfg = Debug|Any CPU
		{B57B22D3-24A9-4C4D-AAC9-521E3A9ACF32}.Debug|Any CPU.Build.0 = Debug|Any CPU
		{B57B22D3-24A9-4C4D-AAC9-521E3A9ACF32}.Release|Any CPU.ActiveCfg = Release|Any CPU
		{B57B22D3-24A9-4C4D-AAC9-521E3A9ACF32}.Release|Any CPU.Build.0 = Release|Any CPU
	EndGlobalSection
	GlobalSection(SolutionProperties) = preSolution
		HideSolutionNode = FALSE
	EndGlobalSection
EndGlobal
